// !$*UTF8*$!
{
	archiveVersion = 1;
	classes = {
	};
	objectVersion = 50;
	objects = {

/* Begin PBXBuildFile section */
		2961F21D209BA039002277E0 /* VNRectangleObservation+Convenience.swift in Sources */ = {isa = PBXBuildFile; fileRef = 2961F21C209BA039002277E0 /* VNRectangleObservation+Convenience.swift */; };
		296978102093A7DA00F73D44 /* String+Convenience.swift in Sources */ = {isa = PBXBuildFile; fileRef = 2969780F2093A7DA00F73D44 /* String+Convenience.swift */; };
		296978482097B64300F73D44 /* DispatchQueue+Background.swift in Sources */ = {isa = PBXBuildFile; fileRef = 296978472097B64300F73D44 /* DispatchQueue+Background.swift */; };
		29B187D920916DB800B278B4 /* AppDelegate.swift in Sources */ = {isa = PBXBuildFile; fileRef = 29B187D820916DB800B278B4 /* AppDelegate.swift */; };
		29B187DE20916DB800B278B4 /* Main.storyboard in Resources */ = {isa = PBXBuildFile; fileRef = 29B187DC20916DB800B278B4 /* Main.storyboard */; };
		29B187E320916DBA00B278B4 /* LaunchScreen.storyboard in Resources */ = {isa = PBXBuildFile; fileRef = 29B187E120916DBA00B278B4 /* LaunchScreen.storyboard */; };
		29B187EE20916DBA00B278B4 /* BarcodeVisionTests.swift in Sources */ = {isa = PBXBuildFile; fileRef = 29B187ED20916DBA00B278B4 /* BarcodeVisionTests.swift */; };
		29B187F920916DBA00B278B4 /* BarcodeVisionUITests.swift in Sources */ = {isa = PBXBuildFile; fileRef = 29B187F820916DBA00B278B4 /* BarcodeVisionUITests.swift */; };
		29B1880720916EA600B278B4 /* MainViewController.swift in Sources */ = {isa = PBXBuildFile; fileRef = 29B1880620916EA600B278B4 /* MainViewController.swift */; };
		29B1880A2092C45900B278B4 /* Assets.xcassets in Resources */ = {isa = PBXBuildFile; fileRef = 29B188092092C45900B278B4 /* Assets.xcassets */; };
/* End PBXBuildFile section */

/* Begin PBXContainerItemProxy section */
		29B187EA20916DBA00B278B4 /* PBXContainerItemProxy */ = {
			isa = PBXContainerItemProxy;
			containerPortal = 29B187CD20916DB800B278B4 /* Project object */;
			proxyType = 1;
			remoteGlobalIDString = 29B187D420916DB800B278B4;
			remoteInfo = BarcodeVision;
		};
		29B187F520916DBA00B278B4 /* PBXContainerItemProxy */ = {
			isa = PBXContainerItemProxy;
			containerPortal = 29B187CD20916DB800B278B4 /* Project object */;
			proxyType = 1;
			remoteGlobalIDString = 29B187D420916DB800B278B4;
			remoteInfo = BarcodeVision;
		};
/* End PBXContainerItemProxy section */

/* Begin PBXFileReference section */
		2961F21C209BA039002277E0 /* VNRectangleObservation+Convenience.swift */ = {isa = PBXFileReference; lastKnownFileType = sourcecode.swift; path = "VNRectangleObservation+Convenience.swift"; sourceTree = "<group>"; };
		2969780F2093A7DA00F73D44 /* String+Convenience.swift */ = {isa = PBXFileReference; lastKnownFileType = sourcecode.swift; path = "String+Convenience.swift"; sourceTree = "<group>"; };
		296978472097B64300F73D44 /* DispatchQueue+Background.swift */ = {isa = PBXFileReference; lastKnownFileType = sourcecode.swift; path = "DispatchQueue+Background.swift"; sourceTree = "<group>"; };
		29B187D520916DB800B278B4 /* BarcodeVision.app */ = {isa = PBXFileReference; explicitFileType = wrapper.application; includeInIndex = 0; path = BarcodeVision.app; sourceTree = BUILT_PRODUCTS_DIR; };
		29B187D820916DB800B278B4 /* AppDelegate.swift */ = {isa = PBXFileReference; lastKnownFileType = sourcecode.swift; path = AppDelegate.swift; sourceTree = "<group>"; };
		29B187DD20916DB800B278B4 /* Base */ = {isa = PBXFileReference; lastKnownFileType = file.storyboard; name = Base; path = Base.lproj/Main.storyboard; sourceTree = "<group>"; };
		29B187E220916DBA00B278B4 /* Base */ = {isa = PBXFileReference; lastKnownFileType = file.storyboard; name = Base; path = Base.lproj/LaunchScreen.storyboard; sourceTree = "<group>"; };
		29B187E420916DBA00B278B4 /* Info.plist */ = {isa = PBXFileReference; lastKnownFileType = text.plist.xml; path = Info.plist; sourceTree = "<group>"; };
		29B187E920916DBA00B278B4 /* BarcodeVisionTests.xctest */ = {isa = PBXFileReference; explicitFileType = wrapper.cfbundle; includeInIndex = 0; path = BarcodeVisionTests.xctest; sourceTree = BUILT_PRODUCTS_DIR; };
		29B187ED20916DBA00B278B4 /* BarcodeVisionTests.swift */ = {isa = PBXFileReference; lastKnownFileType = sourcecode.swift; path = BarcodeVisionTests.swift; sourceTree = "<group>"; };
		29B187EF20916DBA00B278B4 /* Info.plist */ = {isa = PBXFileReference; lastKnownFileType = text.plist.xml; path = Info.plist; sourceTree = "<group>"; };
		29B187F420916DBA00B278B4 /* BarcodeVisionUITests.xctest */ = {isa = PBXFileReference; explicitFileType = wrapper.cfbundle; includeInIndex = 0; path = BarcodeVisionUITests.xctest; sourceTree = BUILT_PRODUCTS_DIR; };
		29B187F820916DBA00B278B4 /* BarcodeVisionUITests.swift */ = {isa = PBXFileReference; lastKnownFileType = sourcecode.swift; path = BarcodeVisionUITests.swift; sourceTree = "<group>"; };
		29B187FA20916DBA00B278B4 /* Info.plist */ = {isa = PBXFileReference; lastKnownFileType = text.plist.xml; path = Info.plist; sourceTree = "<group>"; };
		29B1880620916EA600B278B4 /* MainViewController.swift */ = {isa = PBXFileReference; lastKnownFileType = sourcecode.swift; path = MainViewController.swift; sourceTree = "<group>"; };
		29B188092092C45900B278B4 /* Assets.xcassets */ = {isa = PBXFileReference; lastKnownFileType = folder.assetcatalog; path = Assets.xcassets; sourceTree = "<group>"; };
/* End PBXFileReference section */

/* Begin PBXFrameworksBuildPhase section */
		29B187D220916DB800B278B4 /* Frameworks */ = {
			isa = PBXFrameworksBuildPhase;
			buildActionMask = 2147483647;
			files = (
			);
			runOnlyForDeploymentPostprocessing = 0;
		};
		29B187E620916DBA00B278B4 /* Frameworks */ = {
			isa = PBXFrameworksBuildPhase;
			buildActionMask = 2147483647;
			files = (
			);
			runOnlyForDeploymentPostprocessing = 0;
		};
		29B187F120916DBA00B278B4 /* Frameworks */ = {
			isa = PBXFrameworksBuildPhase;
			buildActionMask = 2147483647;
			files = (
			);
			runOnlyForDeploymentPostprocessing = 0;
		};
/* End PBXFrameworksBuildPhase section */

/* Begin PBXGroup section */
		296978462097B62F00F73D44 /* Extensions */ = {
			isa = PBXGroup;
			children = (
				2969780F2093A7DA00F73D44 /* String+Convenience.swift */,
				296978472097B64300F73D44 /* DispatchQueue+Background.swift */,
				2961F21C209BA039002277E0 /* VNRectangleObservation+Convenience.swift */,
			);
			path = Extensions;
			sourceTree = "<group>";
		};
		29B187CC20916DB800B278B4 = {
			isa = PBXGroup;
			children = (
				29B187D720916DB800B278B4 /* BarcodeVision */,
				29B187EC20916DBA00B278B4 /* BarcodeVisionTests */,
				29B187F720916DBA00B278B4 /* BarcodeVisionUITests */,
				29B187D620916DB800B278B4 /* Products */,
			);
			sourceTree = "<group>";
		};
		29B187D620916DB800B278B4 /* Products */ = {
			isa = PBXGroup;
			children = (
				29B187D520916DB800B278B4 /* BarcodeVision.app */,
				29B187E920916DBA00B278B4 /* BarcodeVisionTests.xctest */,
				29B187F420916DBA00B278B4 /* BarcodeVisionUITests.xctest */,
			);
			name = Products;
			sourceTree = "<group>";
		};
		29B187D720916DB800B278B4 /* BarcodeVision */ = {
			isa = PBXGroup;
			children = (
				296978462097B62F00F73D44 /* Extensions */,
				29B1880820916F3100B278B4 /* Supporting Files */,
				29B1880620916EA600B278B4 /* MainViewController.swift */,
				29B187DC20916DB800B278B4 /* Main.storyboard */,
				29B187E420916DBA00B278B4 /* Info.plist */,
			);
			path = BarcodeVision;
			sourceTree = "<group>";
		};
		29B187EC20916DBA00B278B4 /* BarcodeVisionTests */ = {
			isa = PBXGroup;
			children = (
				29B187ED20916DBA00B278B4 /* BarcodeVisionTests.swift */,
				29B187EF20916DBA00B278B4 /* Info.plist */,
			);
			path = BarcodeVisionTests;
			sourceTree = "<group>";
		};
		29B187F720916DBA00B278B4 /* BarcodeVisionUITests */ = {
			isa = PBXGroup;
			children = (
				29B187F820916DBA00B278B4 /* BarcodeVisionUITests.swift */,
				29B187FA20916DBA00B278B4 /* Info.plist */,
			);
			path = BarcodeVisionUITests;
			sourceTree = "<group>";
		};
		29B1880820916F3100B278B4 /* Supporting Files */ = {
			isa = PBXGroup;
			children = (
				29B187D820916DB800B278B4 /* AppDelegate.swift */,
				29B187E120916DBA00B278B4 /* LaunchScreen.storyboard */,
				29B188092092C45900B278B4 /* Assets.xcassets */,
			);
			path = "Supporting Files";
			sourceTree = "<group>";
		};
/* End PBXGroup section */

/* Begin PBXNativeTarget section */
		29B187D420916DB800B278B4 /* BarcodeVision */ = {
			isa = PBXNativeTarget;
			buildConfigurationList = 29B187FD20916DBA00B278B4 /* Build configuration list for PBXNativeTarget "BarcodeVision" */;
			buildPhases = (
				29B187D120916DB800B278B4 /* Sources */,
				29B187D220916DB800B278B4 /* Frameworks */,
				29B187D320916DB800B278B4 /* Resources */,
			);
			buildRules = (
			);
			dependencies = (
			);
			name = BarcodeVision;
			productName = BarcodeVision;
			productReference = 29B187D520916DB800B278B4 /* BarcodeVision.app */;
			productType = "com.apple.product-type.application";
		};
		29B187E820916DBA00B278B4 /* BarcodeVisionTests */ = {
			isa = PBXNativeTarget;
			buildConfigurationList = 29B1880020916DBA00B278B4 /* Build configuration list for PBXNativeTarget "BarcodeVisionTests" */;
			buildPhases = (
				29B187E520916DBA00B278B4 /* Sources */,
				29B187E620916DBA00B278B4 /* Frameworks */,
				29B187E720916DBA00B278B4 /* Resources */,
			);
			buildRules = (
			);
			dependencies = (
				29B187EB20916DBA00B278B4 /* PBXTargetDependency */,
			);
			name = BarcodeVisionTests;
			productName = BarcodeVisionTests;
			productReference = 29B187E920916DBA00B278B4 /* BarcodeVisionTests.xctest */;
			productType = "com.apple.product-type.bundle.unit-test";
		};
		29B187F320916DBA00B278B4 /* BarcodeVisionUITests */ = {
			isa = PBXNativeTarget;
			buildConfigurationList = 29B1880320916DBA00B278B4 /* Build configuration list for PBXNativeTarget "BarcodeVisionUITests" */;
			buildPhases = (
				29B187F020916DBA00B278B4 /* Sources */,
				29B187F120916DBA00B278B4 /* Frameworks */,
				29B187F220916DBA00B278B4 /* Resources */,
			);
			buildRules = (
			);
			dependencies = (
				29B187F620916DBA00B278B4 /* PBXTargetDependency */,
			);
			name = BarcodeVisionUITests;
			productName = BarcodeVisionUITests;
			productReference = 29B187F420916DBA00B278B4 /* BarcodeVisionUITests.xctest */;
			productType = "com.apple.product-type.bundle.ui-testing";
		};
/* End PBXNativeTarget section */

/* Begin PBXProject section */
		29B187CD20916DB800B278B4 /* Project object */ = {
			isa = PBXProject;
			attributes = {
				LastSwiftUpdateCheck = 0930;
				LastUpgradeCheck = 0930;
				ORGANIZATIONNAME = "Shawn Roller";
				TargetAttributes = {
					29B187D420916DB800B278B4 = {
						CreatedOnToolsVersion = 9.3;
					};
					29B187E820916DBA00B278B4 = {
						CreatedOnToolsVersion = 9.3;
						TestTargetID = 29B187D420916DB800B278B4;
					};
					29B187F320916DBA00B278B4 = {
						CreatedOnToolsVersion = 9.3;
						TestTargetID = 29B187D420916DB800B278B4;
					};
				};
			};
			buildConfigurationList = 29B187D020916DB800B278B4 /* Build configuration list for PBXProject "BarcodeVision" */;
			compatibilityVersion = "Xcode 9.3";
			developmentRegion = en;
			hasScannedForEncodings = 0;
			knownRegions = (
				en,
				Base,
			);
			mainGroup = 29B187CC20916DB800B278B4;
			productRefGroup = 29B187D620916DB800B278B4 /* Products */;
			projectDirPath = "";
			projectRoot = "";
			targets = (
				29B187D420916DB800B278B4 /* BarcodeVision */,
				29B187E820916DBA00B278B4 /* BarcodeVisionTests */,
				29B187F320916DBA00B278B4 /* BarcodeVisionUITests */,
			);
		};
/* End PBXProject section */

/* Begin PBXResourcesBuildPhase section */
		29B187D320916DB800B278B4 /* Resources */ = {
			isa = PBXResourcesBuildPhase;
			buildActionMask = 2147483647;
			files = (
				29B187E320916DBA00B278B4 /* LaunchScreen.storyboard in Resources */,
				29B1880A2092C45900B278B4 /* Assets.xcassets in Resources */,
				29B187DE20916DB800B278B4 /* Main.storyboard in Resources */,
			);
			runOnlyForDeploymentPostprocessing = 0;
		};
		29B187E720916DBA00B278B4 /* Resources */ = {
			isa = PBXResourcesBuildPhase;
			buildActionMask = 2147483647;
			files = (
			);
			runOnlyForDeploymentPostprocessing = 0;
		};
		29B187F220916DBA00B278B4 /* Resources */ = {
			isa = PBXResourcesBuildPhase;
			buildActionMask = 2147483647;
			files = (
			);
			runOnlyForDeploymentPostprocessing = 0;
		};
/* End PBXResourcesBuildPhase section */

/* Begin PBXSourcesBuildPhase section */
		29B187D120916DB800B278B4 /* Sources */ = {
			isa = PBXSourcesBuildPhase;
			buildActionMask = 2147483647;
			files = (
				29B187D920916DB800B278B4 /* AppDelegate.swift in Sources */,
				2961F21D209BA039002277E0 /* VNRectangleObservation+Convenience.swift in Sources */,
				296978482097B64300F73D44 /* DispatchQueue+Background.swift in Sources */,
				29B1880720916EA600B278B4 /* MainViewController.swift in Sources */,
				296978102093A7DA00F73D44 /* String+Convenience.swift in Sources */,
			);
			runOnlyForDeploymentPostprocessing = 0;
		};
		29B187E520916DBA00B278B4 /* Sources */ = {
			isa = PBXSourcesBuildPhase;
			buildActionMask = 2147483647;
			files = (
				29B187EE20916DBA00B278B4 /* BarcodeVisionTests.swift in Sources */,
			);
			runOnlyForDeploymentPostprocessing = 0;
		};
		29B187F020916DBA00B278B4 /* Sources */ = {
			isa = PBXSourcesBuildPhase;
			buildActionMask = 2147483647;
			files = (
				29B187F920916DBA00B278B4 /* BarcodeVisionUITests.swift in Sources */,
			);
			runOnlyForDeploymentPostprocessing = 0;
		};
/* End PBXSourcesBuildPhase section */

/* Begin PBXTargetDependency section */
		29B187EB20916DBA00B278B4 /* PBXTargetDependency */ = {
			isa = PBXTargetDependency;
			target = 29B187D420916DB800B278B4 /* BarcodeVision */;
			targetProxy = 29B187EA20916DBA00B278B4 /* PBXContainerItemProxy */;
		};
		29B187F620916DBA00B278B4 /* PBXTargetDependency */ = {
			isa = PBXTargetDependency;
			target = 29B187D420916DB800B278B4 /* BarcodeVision */;
			targetProxy = 29B187F520916DBA00B278B4 /* PBXContainerItemProxy */;
		};
/* End PBXTargetDependency section */

/* Begin PBXVariantGroup section */
		29B187DC20916DB800B278B4 /* Main.storyboard */ = {
			isa = PBXVariantGroup;
			children = (
				29B187DD20916DB800B278B4 /* Base */,
			);
			name = Main.storyboard;
			sourceTree = "<group>";
		};
		29B187E120916DBA00B278B4 /* LaunchScreen.storyboard */ = {
			isa = PBXVariantGroup;
			children = (
				29B187E220916DBA00B278B4 /* Base */,
			);
			name = LaunchScreen.storyboard;
			sourceTree = "<group>";
		};
/* End PBXVariantGroup section */

/* Begin XCBuildConfiguration section */
		29B187FB20916DBA00B278B4 /* Debug */ = {
			isa = XCBuildConfiguration;
			buildSettings = {
				ALWAYS_SEARCH_USER_PATHS = NO;
				CLANG_ANALYZER_NONNULL = YES;
				CLANG_ANALYZER_NUMBER_OBJECT_CONVERSION = YES_AGGRESSIVE;
				CLANG_CXX_LANGUAGE_STANDARD = "gnu++14";
				CLANG_CXX_LIBRARY = "libc++";
				CLANG_ENABLE_MODULES = YES;
				CLANG_ENABLE_OBJC_ARC = YES;
				CLANG_ENABLE_OBJC_WEAK = YES;
				CLANG_WARN_BLOCK_CAPTURE_AUTORELEASING = YES;
				CLANG_WARN_BOOL_CONVERSION = YES;
				CLANG_WARN_COMMA = YES;
				CLANG_WARN_CONSTANT_CONVERSION = YES;
				CLANG_WARN_DEPRECATED_OBJC_IMPLEMENTATIONS = YES;
				CLANG_WARN_DIRECT_OBJC_ISA_USAGE = YES_ERROR;
				CLANG_WARN_DOCUMENTATION_COMMENTS = YES;
				CLANG_WARN_EMPTY_BODY = YES;
				CLANG_WARN_ENUM_CONVERSION = YES;
				CLANG_WARN_INFINITE_RECURSION = YES;
				CLANG_WARN_INT_CONVERSION = YES;
				CLANG_WARN_NON_LITERAL_NULL_CONVERSION = YES;
				CLANG_WARN_OBJC_IMPLICIT_RETAIN_SELF = YES;
				CLANG_WARN_OBJC_LITERAL_CONVERSION = YES;
				CLANG_WARN_OBJC_ROOT_CLASS = YES_ERROR;
				CLANG_WARN_RANGE_LOOP_ANALYSIS = YES;
				CLANG_WARN_STRICT_PROTOTYPES = YES;
				CLANG_WARN_SUSPICIOUS_MOVE = YES;
				CLANG_WARN_UNGUARDED_AVAILABILITY = YES_AGGRESSIVE;
				CLANG_WARN_UNREACHABLE_CODE = YES;
				CLANG_WARN__DUPLICATE_METHOD_MATCH = YES;
				CODE_SIGN_IDENTITY = "iPhone Developer";
				COPY_PHASE_STRIP = NO;
				DEBUG_INFORMATION_FORMAT = dwarf;
				ENABLE_STRICT_OBJC_MSGSEND = YES;
				ENABLE_TESTABILITY = YES;
				GCC_C_LANGUAGE_STANDARD = gnu11;
				GCC_DYNAMIC_NO_PIC = NO;
				GCC_NO_COMMON_BLOCKS = YES;
				GCC_OPTIMIZATION_LEVEL = 0;
				GCC_PREPROCESSOR_DEFINITIONS = (
					"DEBUG=1",
					"$(inherited)",
				);
				GCC_WARN_64_TO_32_BIT_CONVERSION = YES;
				GCC_WARN_ABOUT_RETURN_TYPE = YES_ERROR;
				GCC_WARN_UNDECLARED_SELECTOR = YES;
				GCC_WARN_UNINITIALIZED_AUTOS = YES_AGGRESSIVE;
				GCC_WARN_UNUSED_FUNCTION = YES;
				GCC_WARN_UNUSED_VARIABLE = YES;
				IPHONEOS_DEPLOYMENT_TARGET = 11.3;
				MTL_ENABLE_DEBUG_INFO = YES;
				ONLY_ACTIVE_ARCH = YES;
				SDKROOT = iphoneos;
				SWIFT_ACTIVE_COMPILATION_CONDITIONS = DEBUG;
				SWIFT_OPTIMIZATION_LEVEL = "-Onone";
			};
			name = Debug;
		};
		29B187FC20916DBA00B278B4 /* Release */ = {
			isa = XCBuildConfiguration;
			buildSettings = {
				ALWAYS_SEARCH_USER_PATHS = NO;
				CLANG_ANALYZER_NONNULL = YES;
				CLANG_ANALYZER_NUMBER_OBJECT_CONVERSION = YES_AGGRESSIVE;
				CLANG_CXX_LANGUAGE_STANDARD = "gnu++14";
				CLANG_CXX_LIBRARY = "libc++";
				CLANG_ENABLE_MODULES = YES;
				CLANG_ENABLE_OBJC_ARC = YES;
				CLANG_ENABLE_OBJC_WEAK = YES;
				CLANG_WARN_BLOCK_CAPTURE_AUTORELEASING = YES;
				CLANG_WARN_BOOL_CONVERSION = YES;
				CLANG_WARN_COMMA = YES;
				CLANG_WARN_CONSTANT_CONVERSION = YES;
				CLANG_WARN_DEPRECATED_OBJC_IMPLEMENTATIONS = YES;
				CLANG_WARN_DIRECT_OBJC_ISA_USAGE = YES_ERROR;
				CLANG_WARN_DOCUMENTATION_COMMENTS = YES;
				CLANG_WARN_EMPTY_BODY = YES;
				CLANG_WARN_ENUM_CONVERSION = YES;
				CLANG_WARN_INFINITE_RECURSION = YES;
				CLANG_WARN_INT_CONVERSION = YES;
				CLANG_WARN_NON_LITERAL_NULL_CONVERSION = YES;
				CLANG_WARN_OBJC_IMPLICIT_RETAIN_SELF = YES;
				CLANG_WARN_OBJC_LITERAL_CONVERSION = YES;
				CLANG_WARN_OBJC_ROOT_CLASS = YES_ERROR;
				CLANG_WARN_RANGE_LOOP_ANALYSIS = YES;
				CLANG_WARN_STRICT_PROTOTYPES = YES;
				CLANG_WARN_SUSPICIOUS_MOVE = YES;
				CLANG_WARN_UNGUARDED_AVAILABILITY = YES_AGGRESSIVE;
				CLANG_WARN_UNREACHABLE_CODE = YES;
				CLANG_WARN__DUPLICATE_METHOD_MATCH = YES;
				CODE_SIGN_IDENTITY = "iPhone Developer";
				COPY_PHASE_STRIP = NO;
				DEBUG_INFORMATION_FORMAT = "dwarf-with-dsym";
				ENABLE_NS_ASSERTIONS = NO;
				ENABLE_STRICT_OBJC_MSGSEND = YES;
				GCC_C_LANGUAGE_STANDARD = gnu11;
				GCC_NO_COMMON_BLOCKS = YES;
				GCC_WARN_64_TO_32_BIT_CONVERSION = YES;
				GCC_WARN_ABOUT_RETURN_TYPE = YES_ERROR;
				GCC_WARN_UNDECLARED_SELECTOR = YES;
				GCC_WARN_UNINITIALIZED_AUTOS = YES_AGGRESSIVE;
				GCC_WARN_UNUSED_FUNCTION = YES;
				GCC_WARN_UNUSED_VARIABLE = YES;
				IPHONEOS_DEPLOYMENT_TARGET = 11.3;
				MTL_ENABLE_DEBUG_INFO = NO;
				SDKROOT = iphoneos;
				SWIFT_COMPILATION_MODE = wholemodule;
				SWIFT_OPTIMIZATION_LEVEL = "-O";
				VALIDATE_PRODUCT = YES;
			};
			name = Release;
		};
		29B187FE20916DBA00B278B4 /* Debug */ = {
			isa = XCBuildConfiguration;
			buildSettings = {
				ASSETCATALOG_COMPILER_APPICON_NAME = AppIcon;
				CODE_SIGN_STYLE = Automatic;
				DEVELOPMENT_TEAM = EWH85CQYYJ;
				INFOPLIST_FILE = BarcodeVision/Info.plist;
				LD_RUNPATH_SEARCH_PATHS = (
					"$(inherited)",
					"@executable_path/Frameworks",
				);
				PRODUCT_BUNDLE_IDENTIFIER = "com.offensively-bad.BarcodeVision";
				PRODUCT_NAME = "$(TARGET_NAME)";
				SWIFT_VERSION = 4.0;
				TARGETED_DEVICE_FAMILY = "1,2";
			};
			name = Debug;
		};
		29B187FF20916DBA00B278B4 /* Release */ = {
			isa = XCBuildConfiguration;
			buildSettings = {
				ASSETCATALOG_COMPILER_APPICON_NAME = AppIcon;
				CODE_SIGN_STYLE = Automatic;
				DEVELOPMENT_TEAM = EWH85CQYYJ;
				INFOPLIST_FILE = BarcodeVision/Info.plist;
				LD_RUNPATH_SEARCH_PATHS = (
					"$(inherited)",
					"@executable_path/Frameworks",
				);
				PRODUCT_BUNDLE_IDENTIFIER = "com.offensively-bad.BarcodeVision";
				PRODUCT_NAME = "$(TARGET_NAME)";
				SWIFT_VERSION = 4.0;
				TARGETED_DEVICE_FAMILY = "1,2";
			};
			name = Release;
		};
		29B1880120916DBA00B278B4 /* Debug */ = {
			isa = XCBuildConfiguration;
			buildSettings = {
				ALWAYS_EMBED_SWIFT_STANDARD_LIBRARIES = YES;
				BUNDLE_LOADER = "$(TEST_HOST)";
				CODE_SIGN_STYLE = Automatic;
				DEVELOPMENT_TEAM = EWH85CQYYJ;
				INFOPLIST_FILE = BarcodeVisionTests/Info.plist;
				LD_RUNPATH_SEARCH_PATHS = (
					"$(inherited)",
					"@executable_path/Frameworks",
					"@loader_path/Frameworks",
				);
				PRODUCT_BUNDLE_IDENTIFIER = "com.offensively-bad.BarcodeVisionTests";
				PRODUCT_NAME = "$(TARGET_NAME)";
				SWIFT_VERSION = 4.0;
				TARGETED_DEVICE_FAMILY = "1,2";
				TEST_HOST = "$(BUILT_PRODUCTS_DIR)/BarcodeVision.app/BarcodeVision";
			};
			name = Debug;
		};
		29B1880220916DBA00B278B4 /* Release */ = {
			isa = XCBuildConfiguration;
			buildSettings = {
				ALWAYS_EMBED_SWIFT_STANDARD_LIBRARIES = YES;
				BUNDLE_LOADER = "$(TEST_HOST)";
				CODE_SIGN_STYLE = Automatic;
				DEVELOPMENT_TEAM = EWH85CQYYJ;
				INFOPLIST_FILE = BarcodeVisionTests/Info.plist;
				LD_RUNPATH_SEARCH_PATHS = (
					"$(inherited)",
					"@executable_path/Frameworks",
					"@loader_path/Frameworks",
				);
				PRODUCT_BUNDLE_IDENTIFIER = "com.offensively-bad.BarcodeVisionTests";
				PRODUCT_NAME = "$(TARGET_NAME)";
				SWIFT_VERSION = 4.0;
				TARGETED_DEVICE_FAMILY = "1,2";
				TEST_HOST = "$(BUILT_PRODUCTS_DIR)/BarcodeVision.app/BarcodeVision";
			};
			name = Release;
		};
		29B1880420916DBA00B278B4 /* Debug */ = {
			isa = XCBuildConfiguration;
			buildSettings = {
				ALWAYS_EMBED_SWIFT_STANDARD_LIBRARIES = YES;
				CODE_SIGN_STYLE = Automatic;
				DEVELOPMENT_TEAM = EWH85CQYYJ;
				INFOPLIST_FILE = BarcodeVisionUITests/Info.plist;
				LD_RUNPATH_SEARCH_PATHS = (
					"$(inherited)",
					"@executable_path/Frameworks",
					"@loader_path/Frameworks",
				);
				PRODUCT_BUNDLE_IDENTIFIER = "com.offensively-bad.BarcodeVisionUITests";
				PRODUCT_NAME = "$(TARGET_NAME)";
				SWIFT_VERSION = 4.0;
				TARGETED_DEVICE_FAMILY = "1,2";
				TEST_TARGET_NAME = BarcodeVision;
			};
			name = Debug;
		};
		29B1880520916DBA00B278B4 /* Release */ = {
			isa = XCBuildConfiguration;
			buildSettings = {
				ALWAYS_EMBED_SWIFT_STANDARD_LIBRARIES = YES;
				CODE_SIGN_STYLE = Automatic;
				DEVELOPMENT_TEAM = EWH85CQYYJ;
				INFOPLIST_FILE = BarcodeVisionUITests/Info.plist;
				LD_RUNPATH_SEARCH_PATHS = (
					"$(inherited)",
					"@executable_path/Frameworks",
					"@loader_path/Frameworks",
				);
				PRODUCT_BUNDLE_IDENTIFIER = "com.offensively-bad.BarcodeVisionUITests";
				PRODUCT_NAME = "$(TARGET_NAME)";
				SWIFT_VERSION = 4.0;
				TARGETED_DEVICE_FAMILY = "1,2";
				TEST_TARGET_NAME = BarcodeVision;
			};
			name = Release;
		};
/* End XCBuildConfiguration section */

/* Begin XCConfigurationList section */
		29B187D020916DB800B278B4 /* Build configuration list for PBXProject "BarcodeVision" */ = {
			isa = XCConfigurationList;
			buildConfigurations = (
				29B187FB20916DBA00B278B4 /* Debug */,
				29B187FC20916DBA00B278B4 /* Release */,
			);
			defaultConfigurationIsVisible = 0;
			defaultConfigurationName = Release;
		};
		29B187FD20916DBA00B278B4 /* Build configuration list for PBXNativeTarget "BarcodeVision" */ = {
			isa = XCConfigurationList;
			buildConfigurations = (
				29B187FE20916DBA00B278B4 /* Debug */,
				29B187FF20916DBA00B278B4 /* Release */,
			);
			defaultConfigurationIsVisible = 0;
			defaultConfigurationName = Release;
		};
		29B1880020916DBA00B278B4 /* Build configuration list for PBXNativeTarget "BarcodeVisionTests" */ = {
			isa = XCConfigurationList;
			buildConfigurations = (
				29B1880120916DBA00B278B4 /* Debug */,
				29B1880220916DBA00B278B4 /* Release */,
			);
			defaultConfigurationIsVisible = 0;
			defaultConfigurationName = Release;
		};
		29B1880320916DBA00B278B4 /* Build configuration list for PBXNativeTarget "BarcodeVisionUITests" */ = {
			isa = XCConfigurationList;
			buildConfigurations = (
				29B1880420916DBA00B278B4 /* Debug */,
				29B1880520916DBA00B278B4 /* Release */,
			);
			defaultConfigurationIsVisible = 0;
			defaultConfigurationName = Release;
		};
/* End XCConfigurationList section */
	};
	rootObject = 29B187CD20916DB800B278B4 /* Project object */;
}
